// !$*UTF8*$!
{
	archiveVersion = 1;
	classes = {
	};
	objectVersion = 55;
	objects = {

/* Begin PBXBuildFile section */
		DE18891128B806AB005AE18F /* PaymentButton.swift in Sources */ = {isa = PBXBuildFile; fileRef = DE18891028B806AB005AE18F /* PaymentButton.swift */; };
		DE18891328B80944005AE18F /* PaymentHandler.swift in Sources */ = {isa = PBXBuildFile; fileRef = DE18891228B80944005AE18F /* PaymentHandler.swift */; };
		DE2369DE28B686510024904D /* ShopApplePayAppApp.swift in Sources */ = {isa = PBXBuildFile; fileRef = DE2369DD28B686510024904D /* ShopApplePayAppApp.swift */; };
		DE2369E028B686510024904D /* ContentView.swift in Sources */ = {isa = PBXBuildFile; fileRef = DE2369DF28B686510024904D /* ContentView.swift */; };
		DE2369E228B686520024904D /* Assets.xcassets in Resources */ = {isa = PBXBuildFile; fileRef = DE2369E128B686520024904D /* Assets.xcassets */; };
		DE2369E528B686520024904D /* Preview Assets.xcassets in Resources */ = {isa = PBXBuildFile; fileRef = DE2369E428B686520024904D /* Preview Assets.xcassets */; };
		DE2369ED28B687D60024904D /* Product.swift in Sources */ = {isa = PBXBuildFile; fileRef = DE2369EC28B687D60024904D /* Product.swift */; };
		DE2369F028B688C90024904D /* ProductCard.swift in Sources */ = {isa = PBXBuildFile; fileRef = DE2369EF28B688C90024904D /* ProductCard.swift */; };
		DE2369F328B68CCC0024904D /* CardButton.swift in Sources */ = {isa = PBXBuildFile; fileRef = DE2369F228B68CCC0024904D /* CardButton.swift */; };
		DE2369F528B68DBC0024904D /* CartView.swift in Sources */ = {isa = PBXBuildFile; fileRef = DE2369F428B68DBC0024904D /* CartView.swift */; };
		DE2369F728B68EDE0024904D /* CartManager.swift in Sources */ = {isa = PBXBuildFile; fileRef = DE2369F628B68EDE0024904D /* CartManager.swift */; };
		DE2369F928B6C8A70024904D /* ProductRow.swift in Sources */ = {isa = PBXBuildFile; fileRef = DE2369F828B6C8A70024904D /* ProductRow.swift */; };
/* End PBXBuildFile section */

/* Begin PBXFileReference section */
		DE18891028B806AB005AE18F /* PaymentButton.swift */ = {isa = PBXFileReference; lastKnownFileType = sourcecode.swift; path = PaymentButton.swift; sourceTree = "<group>"; };
		DE18891228B80944005AE18F /* PaymentHandler.swift */ = {isa = PBXFileReference; lastKnownFileType = sourcecode.swift; path = PaymentHandler.swift; sourceTree = "<group>"; };
		DE2369DA28B686510024904D /* ShopApplePayApp.app */ = {isa = PBXFileReference; explicitFileType = wrapper.application; includeInIndex = 0; path = ShopApplePayApp.app; sourceTree = BUILT_PRODUCTS_DIR; };
		DE2369DD28B686510024904D /* ShopApplePayAppApp.swift */ = {isa = PBXFileReference; lastKnownFileType = sourcecode.swift; path = ShopApplePayAppApp.swift; sourceTree = "<group>"; };
		DE2369DF28B686510024904D /* ContentView.swift */ = {isa = PBXFileReference; lastKnownFileType = sourcecode.swift; path = ContentView.swift; sourceTree = "<group>"; };
		DE2369E128B686520024904D /* Assets.xcassets */ = {isa = PBXFileReference; lastKnownFileType = folder.assetcatalog; path = Assets.xcassets; sourceTree = "<group>"; };
		DE2369E428B686520024904D /* Preview Assets.xcassets */ = {isa = PBXFileReference; lastKnownFileType = folder.assetcatalog; path = "Preview Assets.xcassets"; sourceTree = "<group>"; };
		DE2369EC28B687D60024904D /* Product.swift */ = {isa = PBXFileReference; lastKnownFileType = sourcecode.swift; path = Product.swift; sourceTree = "<group>"; };
		DE2369EF28B688C90024904D /* ProductCard.swift */ = {isa = PBXFileReference; lastKnownFileType = sourcecode.swift; path = ProductCard.swift; sourceTree = "<group>"; };
		DE2369F228B68CCC0024904D /* CardButton.swift */ = {isa = PBXFileReference; lastKnownFileType = sourcecode.swift; path = CardButton.swift; sourceTree = "<group>"; };
		DE2369F428B68DBC0024904D /* CartView.swift */ = {isa = PBXFileReference; lastKnownFileType = sourcecode.swift; path = CartView.swift; sourceTree = "<group>"; };
		DE2369F628B68EDE0024904D /* CartManager.swift */ = {isa = PBXFileReference; lastKnownFileType = sourcecode.swift; path = CartManager.swift; sourceTree = "<group>"; };
		DE2369F828B6C8A70024904D /* ProductRow.swift */ = {isa = PBXFileReference; lastKnownFileType = sourcecode.swift; path = ProductRow.swift; sourceTree = "<group>"; };
/* End PBXFileReference section */

/* Begin PBXFrameworksBuildPhase section */
		DE2369D728B686510024904D /* Frameworks */ = {
			isa = PBXFrameworksBuildPhase;
			buildActionMask = 2147483647;
			files = (
			);
			runOnlyForDeploymentPostprocessing = 0;
		};
/* End PBXFrameworksBuildPhase section */

/* Begin PBXGroup section */
		DE2369D128B686510024904D = {
			isa = PBXGroup;
			children = (
				DE2369DC28B686510024904D /* ShopApplePayApp */,
				DE2369DB28B686510024904D /* Products */,
			);
			sourceTree = "<group>";
		};
		DE2369DB28B686510024904D /* Products */ = {
			isa = PBXGroup;
			children = (
				DE2369DA28B686510024904D /* ShopApplePayApp.app */,
			);
			name = Products;
			sourceTree = "<group>";
		};
		DE2369DC28B686510024904D /* ShopApplePayApp */ = {
			isa = PBXGroup;
			children = (
				DE2369DD28B686510024904D /* ShopApplePayAppApp.swift */,
				DE2369F128B68B1A0024904D /* Views */,
				DE2369EB28B687C90024904D /* Models */,
				DE2369EE28B688A30024904D /* Components */,
				DE2369E128B686520024904D /* Assets.xcassets */,
				DE2369E328B686520024904D /* Preview Content */,
				DE2369F628B68EDE0024904D /* CartManager.swift */,
				DE18891228B80944005AE18F /* PaymentHandler.swift */,
			);
			path = ShopApplePayApp;
			sourceTree = "<group>";
		};
		DE2369E328B686520024904D /* Preview Content */ = {
			isa = PBXGroup;
			children = (
				DE2369E428B686520024904D /* Preview Assets.xcassets */,
			);
			path = "Preview Content";
			sourceTree = "<group>";
		};
		DE2369EB28B687C90024904D /* Models */ = {
			isa = PBXGroup;
			children = (
				DE2369EC28B687D60024904D /* Product.swift */,
			);
			path = Models;
			sourceTree = "<group>";
		};
		DE2369EE28B688A30024904D /* Components */ = {
			isa = PBXGroup;
			children = (
				DE2369EF28B688C90024904D /* ProductCard.swift */,
				DE2369F228B68CCC0024904D /* CardButton.swift */,
				DE2369F828B6C8A70024904D /* ProductRow.swift */,
				DE18891028B806AB005AE18F /* PaymentButton.swift */,
			);
			path = Components;
			sourceTree = "<group>";
		};
		DE2369F128B68B1A0024904D /* Views */ = {
			isa = PBXGroup;
			children = (
				DE2369DF28B686510024904D /* ContentView.swift */,
				DE2369F428B68DBC0024904D /* CartView.swift */,
			);
			path = Views;
			sourceTree = "<group>";
		};
/* End PBXGroup section */

/* Begin PBXNativeTarget section */
		DE2369D928B686510024904D /* ShopApplePayApp */ = {
			isa = PBXNativeTarget;
			buildConfigurationList = DE2369E828B686520024904D /* Build configuration list for PBXNativeTarget "ShopApplePayApp" */;
			buildPhases = (
				DE2369D628B686510024904D /* Sources */,
				DE2369D728B686510024904D /* Frameworks */,
				DE2369D828B686510024904D /* Resources */,
			);
			buildRules = (
			);
			dependencies = (
			);
			name = ShopApplePayApp;
			productName = ShopApplePayApp;
			productReference = DE2369DA28B686510024904D /* ShopApplePayApp.app */;
			productType = "com.apple.product-type.application";
		};
/* End PBXNativeTarget section */

/* Begin PBXProject section */
		DE2369D228B686510024904D /* Project object */ = {
			isa = PBXProject;
			attributes = {
				BuildIndependentTargetsInParallel = 1;
				LastSwiftUpdateCheck = 1340;
				LastUpgradeCheck = 1340;
				TargetAttributes = {
					DE2369D928B686510024904D = {
						CreatedOnToolsVersion = 13.4.1;
					};
				};
			};
			buildConfigurationList = DE2369D528B686510024904D /* Build configuration list for PBXProject "ShopApplePayApp" */;
			compatibilityVersion = "Xcode 13.0";
			developmentRegion = en;
			hasScannedForEncodings = 0;
			knownRegions = (
				en,
				Base,
			);
			mainGroup = DE2369D128B686510024904D;
			productRefGroup = DE2369DB28B686510024904D /* Products */;
			projectDirPath = "";
			projectRoot = "";
			targets = (
				DE2369D928B686510024904D /* ShopApplePayApp */,
			);
		};
/* End PBXProject section */

/* Begin PBXResourcesBuildPhase section */
		DE2369D828B686510024904D /* Resources */ = {
			isa = PBXResourcesBuildPhase;
			buildActionMask = 2147483647;
			files = (
				DE2369E528B686520024904D /* Preview Assets.xcassets in Resources */,
				DE2369E228B686520024904D /* Assets.xcassets in Resources */,
			);
			runOnlyForDeploymentPostprocessing = 0;
		};
/* End PBXResourcesBuildPhase section */

/* Begin PBXSourcesBuildPhase section */
		DE2369D628B686510024904D /* Sources */ = {
			isa = PBXSourcesBuildPhase;
			buildActionMask = 2147483647;
			files = (
				DE18891128B806AB005AE18F /* PaymentButton.swift in Sources */,
				DE18891328B80944005AE18F /* PaymentHandler.swift in Sources */,
				DE2369F528B68DBC0024904D /* CartView.swift in Sources */,
				DE2369E028B686510024904D /* ContentView.swift in Sources */,
				DE2369F728B68EDE0024904D /* CartManager.swift in Sources */,
				DE2369DE28B686510024904D /* ShopApplePayAppApp.swift in Sources */,
				DE2369F928B6C8A70024904D /* ProductRow.swift in Sources */,
				DE2369ED28B687D60024904D /* Product.swift in Sources */,
				DE2369F028B688C90024904D /* ProductCard.swift in Sources */,
				DE2369F328B68CCC0024904D /* CardButton.swift in Sources */,
			);
			runOnlyForDeploymentPostprocessing = 0;
		};
/* End PBXSourcesBuildPhase section */

/* Begin XCBuildConfiguration section */
		DE2369E628B686520024904D /* Debug */ = {
			isa = XCBuildConfiguration;
			buildSettings = {
				ALWAYS_SEARCH_USER_PATHS = NO;
				CLANG_ANALYZER_NONNULL = YES;
				CLANG_ANALYZER_NUMBER_OBJECT_CONVERSION = YES_AGGRESSIVE;
				CLANG_CXX_LANGUAGE_STANDARD = "gnu++17";
				CLANG_ENABLE_MODULES = YES;
				CLANG_ENABLE_OBJC_ARC = YES;
				CLANG_ENABLE_OBJC_WEAK = YES;
				CLANG_WARN_BLOCK_CAPTURE_AUTORELEASING = YES;
				CLANG_WARN_BOOL_CONVERSION = YES;
				CLANG_WARN_COMMA = YES;
				CLANG_WARN_CONSTANT_CONVERSION = YES;
				CLANG_WARN_DEPRECATED_OBJC_IMPLEMENTATIONS = YES;
				CLANG_WARN_DIRECT_OBJC_ISA_USAGE = YES_ERROR;
				CLANG_WARN_DOCUMENTATION_COMMENTS = YES;
				CLANG_WARN_EMPTY_BODY = YES;
				CLANG_WARN_ENUM_CONVERSION = YES;
				CLANG_WARN_INFINITE_RECURSION = YES;
				CLANG_WARN_INT_CONVERSION = YES;
				CLANG_WARN_NON_LITERAL_NULL_CONVERSION = YES;
				CLANG_WARN_OBJC_IMPLICIT_RETAIN_SELF = YES;
				CLANG_WARN_OBJC_LITERAL_CONVERSION = YES;
				CLANG_WARN_OBJC_ROOT_CLASS = YES_ERROR;
				CLANG_WARN_QUOTED_INCLUDE_IN_FRAMEWORK_HEADER = YES;
				CLANG_WARN_RANGE_LOOP_ANALYSIS = YES;
				CLANG_WARN_STRICT_PROTOTYPES = YES;
				CLANG_WARN_SUSPICIOUS_MOVE = YES;
				CLANG_WARN_UNGUARDED_AVAILABILITY = YES_AGGRESSIVE;
				CLANG_WARN_UNREACHABLE_CODE = YES;
				CLANG_WARN__DUPLICATE_METHOD_MATCH = YES;
				COPY_PHASE_STRIP = NO;
				DEBUG_INFORMATION_FORMAT = dwarf;
				ENABLE_STRICT_OBJC_MSGSEND = YES;
				ENABLE_TESTABILITY = YES;
				GCC_C_LANGUAGE_STANDARD = gnu11;
				GCC_DYNAMIC_NO_PIC = NO;
				GCC_NO_COMMON_BLOCKS = YES;
				GCC_OPTIMIZATION_LEVEL = 0;
				GCC_PREPROCESSOR_DEFINITIONS = (
					"DEBUG=1",
					"$(inherited)",
				);
				GCC_WARN_64_TO_32_BIT_CONVERSION = YES;
				GCC_WARN_ABOUT_RETURN_TYPE = YES_ERROR;
				GCC_WARN_UNDECLARED_SELECTOR = YES;
				GCC_WARN_UNINITIALIZED_AUTOS = YES_AGGRESSIVE;
				GCC_WARN_UNUSED_FUNCTION = YES;
				GCC_WARN_UNUSED_VARIABLE = YES;
				IPHONEOS_DEPLOYMENT_TARGET = 15.5;
				MTL_ENABLE_DEBUG_INFO = INCLUDE_SOURCE;
				MTL_FAST_MATH = YES;
				ONLY_ACTIVE_ARCH = YES;
				SDKROOT = iphoneos;
				SWIFT_ACTIVE_COMPILATION_CONDITIONS = DEBUG;
				SWIFT_OPTIMIZATION_LEVEL = "-Onone";
			};
			name = Debug;
		};
		DE2369E728B686520024904D /* Release */ = {
			isa = XCBuildConfiguration;
			buildSettings = {
				ALWAYS_SEARCH_USER_PATHS = NO;
				CLANG_ANALYZER_NONNULL = YES;
				CLANG_ANALYZER_NUMBER_OBJECT_CONVERSION = YES_AGGRESSIVE;
				CLANG_CXX_LANGUAGE_STANDARD = "gnu++17";
				CLANG_ENABLE_MODULES = YES;
				CLANG_ENABLE_OBJC_ARC = YES;
				CLANG_ENABLE_OBJC_WEAK = YES;
				CLANG_WARN_BLOCK_CAPTURE_AUTORELEASING = YES;
				CLANG_WARN_BOOL_CONVERSION = YES;
				CLANG_WARN_COMMA = YES;
				CLANG_WARN_CONSTANT_CONVERSION = YES;
				CLANG_WARN_DEPRECATED_OBJC_IMPLEMENTATIONS = YES;
				CLANG_WARN_DIRECT_OBJC_ISA_USAGE = YES_ERROR;
				CLANG_WARN_DOCUMENTATION_COMMENTS = YES;
				CLANG_WARN_EMPTY_BODY = YES;
				CLANG_WARN_ENUM_CONVERSION = YES;
				CLANG_WARN_INFINITE_RECURSION = YES;
				CLANG_WARN_INT_CONVERSION = YES;
				CLANG_WARN_NON_LITERAL_NULL_CONVERSION = YES;
				CLANG_WARN_OBJC_IMPLICIT_RETAIN_SELF = YES;
				CLANG_WARN_OBJC_LITERAL_CONVERSION = YES;
				CLANG_WARN_OBJC_ROOT_CLASS = YES_ERROR;
				CLANG_WARN_QUOTED_INCLUDE_IN_FRAMEWORK_HEADER = YES;
				CLANG_WARN_RANGE_LOOP_ANALYSIS = YES;
				CLANG_WARN_STRICT_PROTOTYPES = YES;
				CLANG_WARN_SUSPICIOUS_MOVE = YES;
				CLANG_WARN_UNGUARDED_AVAILABILITY = YES_AGGRESSIVE;
				CLANG_WARN_UNREACHABLE_CODE = YES;
				CLANG_WARN__DUPLICATE_METHOD_MATCH = YES;
				COPY_PHASE_STRIP = NO;
				DEBUG_INFORMATION_FORMAT = "dwarf-with-dsym";
				ENABLE_NS_ASSERTIONS = NO;
				ENABLE_STRICT_OBJC_MSGSEND = YES;
				GCC_C_LANGUAGE_STANDARD = gnu11;
				GCC_NO_COMMON_BLOCKS = YES;
				GCC_WARN_64_TO_32_BIT_CONVERSION = YES;
				GCC_WARN_ABOUT_RETURN_TYPE = YES_ERROR;
				GCC_WARN_UNDECLARED_SELECTOR = YES;
				GCC_WARN_UNINITIALIZED_AUTOS = YES_AGGRESSIVE;
				GCC_WARN_UNUSED_FUNCTION = YES;
				GCC_WARN_UNUSED_VARIABLE = YES;
				IPHONEOS_DEPLOYMENT_TARGET = 15.5;
				MTL_ENABLE_DEBUG_INFO = NO;
				MTL_FAST_MATH = YES;
				SDKROOT = iphoneos;
				SWIFT_COMPILATION_MODE = wholemodule;
				SWIFT_OPTIMIZATION_LEVEL = "-O";
				VALIDATE_PRODUCT = YES;
			};
			name = Release;
		};
		DE2369E928B686520024904D /* Debug */ = {
			isa = XCBuildConfiguration;
			buildSettings = {
				ASSETCATALOG_COMPILER_APPICON_NAME = AppIcon;
				ASSETCATALOG_COMPILER_GLOBAL_ACCENT_COLOR_NAME = AccentColor;
				CODE_SIGN_STYLE = Automatic;
				CURRENT_PROJECT_VERSION = 1;
				DEVELOPMENT_ASSET_PATHS = "\"ShopApplePayApp/Preview Content\"";
				DEVELOPMENT_TEAM = 6438LW8238;
				ENABLE_PREVIEWS = YES;
				GENERATE_INFOPLIST_FILE = YES;
				INFOPLIST_KEY_UIApplicationSceneManifest_Generation = YES;
				INFOPLIST_KEY_UIApplicationSupportsIndirectInputEvents = YES;
				INFOPLIST_KEY_UILaunchScreen_Generation = YES;
				INFOPLIST_KEY_UISupportedInterfaceOrientations_iPad = "UIInterfaceOrientationPortrait UIInterfaceOrientationPortraitUpsideDown UIInterfaceOrientationLandscapeLeft UIInterfaceOrientationLandscapeRight";
				INFOPLIST_KEY_UISupportedInterfaceOrientations_iPhone = "UIInterfaceOrientationPortrait UIInterfaceOrientationLandscapeLeft UIInterfaceOrientationLandscapeRight";
				LD_RUNPATH_SEARCH_PATHS = (
					"$(inherited)",
					"@executable_path/Frameworks",
				);
				MARKETING_VERSION = 1.0;
				PRODUCT_BUNDLE_IDENTIFIER = ShopApplePayApp.ShopApplePayApp;
				PRODUCT_NAME = "$(TARGET_NAME)";
				SWIFT_EMIT_LOC_STRINGS = YES;
				SWIFT_VERSION = 5.0;
				TARGETED_DEVICE_FAMILY = "1,2";
			};
			name = Debug;
		};
		DE2369EA28B686520024904D /* Release */ = {
			isa = XCBuildConfiguration;
			buildSettings = {
				ASSETCATALOG_COMPILER_APPICON_NAME = AppIcon;
				ASSETCATALOG_COMPILER_GLOBAL_ACCENT_COLOR_NAME = AccentColor;
				CODE_SIGN_STYLE = Automatic;
				CURRENT_PROJECT_VERSION = 1;
				DEVELOPMENT_ASSET_PATHS = "\"ShopApplePayApp/Preview Content\"";
				DEVELOPMENT_TEAM = 6438LW8238;
				ENABLE_PREVIEWS = YES;
				GENERATE_INFOPLIST_FILE = YES;
				INFOPLIST_KEY_UIApplicationSceneManifest_Generation = YES;
				INFOPLIST_KEY_UIApplicationSupportsIndirectInputEvents = YES;
				INFOPLIST_KEY_UILaunchScreen_Generation = YES;
				INFOPLIST_KEY_UISupportedInterfaceOrientations_iPad = "UIInterfaceOrientationPortrait UIInterfaceOrientationPortraitUpsideDown UIInterfaceOrientationLandscapeLeft UIInterfaceOrientationLandscapeRight";
				INFOPLIST_KEY_UISupportedInterfaceOrientations_iPhone = "UIInterfaceOrientationPortrait UIInterfaceOrientationLandscapeLeft UIInterfaceOrientationLandscapeRight";
				LD_RUNPATH_SEARCH_PATHS = (
					"$(inherited)",
					"@executable_path/Frameworks",
				);
				MARKETING_VERSION = 1.0;
				PRODUCT_BUNDLE_IDENTIFIER = ShopApplePayApp.ShopApplePayApp;
				PRODUCT_NAME = "$(TARGET_NAME)";
				SWIFT_EMIT_LOC_STRINGS = YES;
				SWIFT_VERSION = 5.0;
				TARGETED_DEVICE_FAMILY = "1,2";
			};
			name = Release;
		};
/* End XCBuildConfiguration section */

/* Begin XCConfigurationList section */
		DE2369D528B686510024904D /* Build configuration list for PBXProject "ShopApplePayApp" */ = {
			isa = XCConfigurationList;
			buildConfigurations = (
				DE2369E628B686520024904D /* Debug */,
				DE2369E728B686520024904D /* Release */,
			);
			defaultConfigurationIsVisible = 0;
			defaultConfigurationName = Release;
		};
		DE2369E828B686520024904D /* Build configuration list for PBXNativeTarget "ShopApplePayApp" */ = {
			isa = XCConfigurationList;
			buildConfigurations = (
				DE2369E928B686520024904D /* Debug */,
				DE2369EA28B686520024904D /* Release */,
			);
			defaultConfigurationIsVisible = 0;
			defaultConfigurationName = Release;
		};
/* End XCConfigurationList section */
	};
	rootObject = DE2369D228B686510024904D /* Project object */;
}
